
Microsoft Visual Studio Solution File, Format Version 12.00
# Visual Studio Version 17
VisualStudioVersion = 17.1.32319.34
MinimumVisualStudioVersion = 10.0.40219.1
Project("{FAE04EC0-301F-11D3-BF4B-00C04F79EFBC}") = "SingleRespinsibility", "UML_2\SingleRespinsibility.csproj", "{6EC495CE-EE18-48BC-B697-3A7352F50665}"
EndProject
Project("{FAE04EC0-301F-11D3-BF4B-00C04F79EFBC}") = "OpenClosedPrinciple", "OpenClosedPrinciple\OpenClosedPrinciple.csproj", "{9BB2210C-88DE-4E57-A4DD-E81732427B6F}"
EndProject
Project("{FAE04EC0-301F-11D3-BF4B-00C04F79EFBC}") = "LiskovSubstitution", "LiskovSubstitution\LiskovSubstitution.csproj", "{0F2498CC-9538-42B7-8D07-06E3D475A14E}"
EndProject
Project("{FAE04EC0-301F-11D3-BF4B-00C04F79EFBC}") = "DependencyInversion", "DependencyInversion\DependencyInversion.csproj", "{DA99A401-4651-4143-A291-10D6162FF674}"
EndProject
Global
	GlobalSection(SolutionConfigurationPlatforms) = preSolution
		Debug|Any CPU = Debug|Any CPU
		Release|Any CPU = Release|Any CPU
	EndGlobalSection
	GlobalSection(ProjectConfigurationPlatforms) = postSolution
		{6EC495CE-EE18-48BC-B697-3A7352F50665}.Debug|Any CPU.ActiveCfg = Debug|Any CPU
		{6EC495CE-EE18-48BC-B697-3A7352F50665}.Debug|Any CPU.Build.0 = Debug|Any CPU
		{6EC495CE-EE18-48BC-B697-3A7352F50665}.Release|Any CPU.ActiveCfg = Release|Any CPU
		{6EC495CE-EE18-48BC-B697-3A7352F50665}.Release|Any CPU.Build.0 = Release|Any CPU
		{9BB2210C-88DE-4E57-A4DD-E81732427B6F}.Debug|Any CPU.ActiveCfg = Debug|Any CPU
		{9BB2210C-88DE-4E57-A4DD-E81732427B6F}.Debug|Any CPU.Build.0 = Debug|Any CPU
		{9BB2210C-88DE-4E57-A4DD-E81732427B6F}.Release|Any CPU.ActiveCfg = Release|Any CPU
		{9BB2210C-88DE-4E57-A4DD-E81732427B6F}.Release|Any CPU.Build.0 = Release|Any CPU
		{0F2498CC-9538-42B7-8D07-06E3D475A14E}.Debug|Any CPU.ActiveCfg = Debug|Any CPU
		{0F2498CC-9538-42B7-8D07-06E3D475A14E}.Debug|Any CPU.Build.0 = Debug|Any CPU
		{0F2498CC-9538-42B7-8D07-06E3D475A14E}.Release|Any CPU.ActiveCfg = Release|Any CPU
		{0F2498CC-9538-42B7-8D07-06E3D475A14E}.Release|Any CPU.Build.0 = Release|Any CPU
		{DA99A401-4651-4143-A291-10D6162FF674}.Debug|Any CPU.ActiveCfg = Debug|Any CPU
		{DA99A401-4651-4143-A291-10D6162FF674}.Debug|Any CPU.Build.0 = Debug|Any CPU
		{DA99A401-4651-4143-A291-10D6162FF674}.Release|Any CPU.ActiveCfg = Release|Any CPU
		{DA99A401-4651-4143-A291-10D6162FF674}.Release|Any CPU.Build.0 = Release|Any CPU
	EndGlobalSection
	GlobalSection(SolutionProperties) = preSolution
		HideSolutionNode = FALSE
	EndGlobalSection
	GlobalSection(ExtensibilityGlobals) = postSolution
		SolutionGuid = {092FE3C4-6454-491D-BBE0-A1F9C6FC50A5}
	EndGlobalSection
EndGlobal
